
Microsoft Visual Studio Solution File, Format Version 12.00
# Visual Studio Version 17
VisualStudioVersion = 17.4.33122.133
MinimumVisualStudioVersion = 10.0.40219.1
Project("{2150E333-8FDC-42A3-9474-1A3956D46DE8}") = "Test", "Test", "{52CF87D0-9560-4835-8511-C3AE08FFC962}"
EndProject
Project("{2150E333-8FDC-42A3-9474-1A3956D46DE8}") = "Data", "Data", "{12CBF372-F79E-4B11-A52C-523348C24BA4}"
EndProject
Project("{2150E333-8FDC-42A3-9474-1A3956D46DE8}") = "Services", "Services", "{09B9C976-FF37-4FA7-B44E-04A4593F6FEC}"
EndProject
Project("{2150E333-8FDC-42A3-9474-1A3956D46DE8}") = "Shared", "Shared", "{5A63461D-4450-4F3D-B350-DBE35214057C}"
EndProject
Project("{2150E333-8FDC-42A3-9474-1A3956D46DE8}") = "Systems", "Systems", "{C6A01CFA-99E3-4157-8F9D-8D81A0C237E3}"
EndProject
Project("{2150E333-8FDC-42A3-9474-1A3956D46DE8}") = "API", "API", "{908B8E1C-1B1B-40F6-BEA8-E9E1143C43F2}"
EndProject
Project("{2150E333-8FDC-42A3-9474-1A3956D46DE8}") = "Web", "Web", "{953D4CBB-73AE-4650-A4A8-241316D67A31}"
EndProject
Project("{2150E333-8FDC-42A3-9474-1A3956D46DE8}") = "Workers", "Workers", "{90F9A5B3-0641-4F69-BDA6-531EA3D00ADC}"
EndProject
Project("{9A19103F-16F7-4668-BE54-9A1E7A4F7556}") = "ZooExpoOrg.Worker", "Systems\Workers\ZooExpoOrg.Worker\ZooExpoOrg.Worker.csproj", "{E2C737D6-FF24-4DA7-932D-BB91862C7B6D}"
EndProject
Project("{9A19103F-16F7-4668-BE54-9A1E7A4F7556}") = "ZooExpoOrg.Api", "Systems\API\ZooExpoOrg.Api\ZooExpoOrg.Api.csproj", "{8000BD0B-A322-4641-B4A7-002E292F3A61}"
EndProject
Project("{9A19103F-16F7-4668-BE54-9A1E7A4F7556}") = "ZooExpoOrg.Common", "Shared\ZooExpoOrg.Common\ZooExpoOrg.Common.csproj", "{1431C2D8-821E-42F5-8255-949D9B241682}"
EndProject
Project("{9A19103F-16F7-4668-BE54-9A1E7A4F7556}") = "ZooExpoOrg.Services.Logger", "Services\ZooExpoOrg.Services.Logger\ZooExpoOrg.Services.Logger.csproj", "{FAA673BE-C907-4D01-9903-1793012CFEA2}"
EndProject
Project("{9A19103F-16F7-4668-BE54-9A1E7A4F7556}") = "ZooExpoOrg.Services.Settings", "Services\ZooExpoOrg.Services.Settings\ZooExpoOrg.Services.Settings.csproj", "{D6448A6A-2D5C-437F-A13C-D667F3115D21}"
EndProject
Project("{9A19103F-16F7-4668-BE54-9A1E7A4F7556}") = "ZooExpoOrg.Context.Entities", "Data\ZooExpoOrg.Context.Entities\ZooExpoOrg.Context.Entities.csproj", "{639F885C-4EAC-4A68-97CE-25D36BB49DD4}"
EndProject
Project("{2150E333-8FDC-42A3-9474-1A3956D46DE8}") = "_docker", "_docker", "{74BC477C-076F-4E45-93E8-6D25612C56E5}"
	ProjectSection(SolutionItems) = preProject
		.dockerignore = .dockerignore
		docker-compose.override.yml = docker-compose.override.yml
		docker-compose.yml = docker-compose.yml
		env.api = env.api
		env.identity = env.identity
		env.worker = env.worker
	EndProjectSection
EndProject
Project("{2150E333-8FDC-42A3-9474-1A3956D46DE8}") = "Migrations", "Migrations", "{70D3E8EB-99FD-4370-895F-1F1988484215}"
EndProject
Project("{9A19103F-16F7-4668-BE54-9A1E7A4F7556}") = "ZooExpoOrg.Context.Migrations.PgSql", "Data\ZooExpoOrg.Context.Migrations\ZooExpoOrg.Context.Migrations.PgSql\ZooExpoOrg.Context.Migrations.PgSql.csproj", "{00C3AB84-2E4E-4B05-A2C2-5D5D285D0783}"
EndProject
Project("{9A19103F-16F7-4668-BE54-9A1E7A4F7556}") = "ZooExpoOrg.Context.Migrations.MSSQL", "Data\ZooExpoOrg.Context.Migrations\ZooExpoOrg.Context.Migrations.MSSQL\ZooExpoOrg.Context.Migrations.MSSQL.csproj", "{35DF0D2C-CBBE-4375-8BF7-7962D6C230D8}"
EndProject
Project("{9A19103F-16F7-4668-BE54-9A1E7A4F7556}") = "ZooExpoOrg.Services.RabbitMq", "Services\ZooExpoOrg.Services.RabbitMq\ZooExpoOrg.Services.RabbitMq.csproj", "{591401A0-A46A-4945-ACA1-4FAFA784C2AE}"
EndProject
Project("{9A19103F-16F7-4668-BE54-9A1E7A4F7556}") = "ZooExpoOrg.Api.Settings", "Systems\API\ZooExpoOrg.Api.Settings\ZooExpoOrg.Api.Settings.csproj", "{C594FA07-123C-4AF5-9969-CE2E3B806616}"
EndProject
Project("{9A19103F-16F7-4668-BE54-9A1E7A4F7556}") = "ZooExpoOrg.Services.Photos", "Services\ZooExpoOrg.Services.Photos\ZooExpoOrg.Services.Photos.csproj", "{FC446B59-83FE-4647-9132-334CBCFD58C7}"
EndProject
Project("{2150E333-8FDC-42A3-9474-1A3956D46DE8}") = "Identity", "Identity", "{811FC9CE-3E5F-42D3-9FA0-8B970DCD0707}"
EndProject
Project("{9A19103F-16F7-4668-BE54-9A1E7A4F7556}") = "ZooExpoOrg.Identity", "Systems\Identity\ZooExpoOrg.Identity\ZooExpoOrg.Identity.csproj", "{FC30F948-F266-448E-B443-77F3367995E5}"
EndProject
Project("{9A19103F-16F7-4668-BE54-9A1E7A4F7556}") = "ZooExpoOrg.Services.Client", "Services\ZooExpoOrg.Services.Client\ZooExpoOrg.Services.Client.csproj", "{3ADD8B3E-9B2B-4933-9524-528A2E1AEC4D}"
EndProject
Project("{9A19103F-16F7-4668-BE54-9A1E7A4F7556}") = "ZooExpoOrg.Context.Seeder", "Data\ZooExpoOrg.Context.Seeder\ZooExpoOrg.Context.Seeder.csproj", "{8CEDA6E1-C399-4D5A-9C0A-DEA3AD5050AC}"
EndProject
Project("{9A19103F-16F7-4668-BE54-9A1E7A4F7556}") = "ZooExpoOrg.Services.Accounts", "Services\ZooExpoOrg.Services.Accounts\ZooExpoOrg.Services.Accounts.csproj", "{49B0269E-C7F2-4C73-9478-9E4BEB880E39}"
EndProject
Project("{9A19103F-16F7-4668-BE54-9A1E7A4F7556}") = "ZooExpoOrg.Services.Animals", "Services\ZooExpoOrg.Services.Animals\ZooExpoOrg.Services.Animals.csproj", "{A68AEE8C-EA52-4D83-81D5-8ABB6F1C2F3C}"
EndProject
Project("{9A19103F-16F7-4668-BE54-9A1E7A4F7556}") = "ZooExpoOrg.Services.Expositions", "Services\ZooExpoOrg.Services.Expositions\ZooExpoOrg.Services.Expositions.csproj", "{9B4D277E-ADF8-4B5E-8E6D-4409BBB025C5}"
EndProject
Project("{9A19103F-16F7-4668-BE54-9A1E7A4F7556}") = "ZooExpoOrg.Services.Comments", "Services\ZooExpoOrg.Services.Comments\ZooExpoOrg.Services.Comments.csproj", "{2EA5C3BB-39CB-4174-AFA4-15AD23620C9E}"
EndProject
Project("{9A19103F-16F7-4668-BE54-9A1E7A4F7556}") = "ZooExpoOrg.Services.RightVerifier", "Services\ZooExpoOrg.Services.RightVerifier\ZooExpoOrg.Services.RightVerifier.csproj", "{BC01C407-4724-4C80-883B-7FA02F2C24B9}"
EndProject
Project("{9A19103F-16F7-4668-BE54-9A1E7A4F7556}") = "ZooExpoOrg.Services.ExpositionsNotificationManager", "Services\ZooExpoOrg.Services.ExpositionsNotificationManager\ZooExpoOrg.Services.ExpositionsNotificationManager.csproj", "{97BC784D-CA87-43C1-B5AF-117378F5BDD0}"
EndProject
Project("{9A19103F-16F7-4668-BE54-9A1E7A4F7556}") = "ZooExpoOrg.Web", "Systems\Web\ZooExpoOrg.Web\ZooExpoOrg.Web.csproj", "{79409CCE-2983-4BA9-961A-3215FB06CC77}"
EndProject
Project("{9A19103F-16F7-4668-BE54-9A1E7A4F7556}") = "ZooExpoOrg.Context", "Data\ZooExpoOrg.Context\ZooExpoOrg.Context.csproj", "{9204EAE5-1E96-48DE-95A6-08A8533C70B8}"
EndProject
Project("{FAE04EC0-301F-11D3-BF4B-00C04F79EFBC}") = "ZooExpoOrg.Services.EmailService", "Services\ZooExpoOrg.Services.EmailService\ZooExpoOrg.Services.EmailService.csproj", "{137F533F-AFE8-4D80-9BAF-278DD8B5E0B3}"
EndProject
Global
	GlobalSection(SolutionConfigurationPlatforms) = preSolution
		Debug|Any CPU = Debug|Any CPU
		Release|Any CPU = Release|Any CPU
	EndGlobalSection
	GlobalSection(ProjectConfigurationPlatforms) = postSolution
		{E2C737D6-FF24-4DA7-932D-BB91862C7B6D}.Debug|Any CPU.ActiveCfg = Debug|Any CPU
		{E2C737D6-FF24-4DA7-932D-BB91862C7B6D}.Debug|Any CPU.Build.0 = Debug|Any CPU
		{E2C737D6-FF24-4DA7-932D-BB91862C7B6D}.Release|Any CPU.ActiveCfg = Release|Any CPU
		{E2C737D6-FF24-4DA7-932D-BB91862C7B6D}.Release|Any CPU.Build.0 = Release|Any CPU
		{8000BD0B-A322-4641-B4A7-002E292F3A61}.Debug|Any CPU.ActiveCfg = Debug|Any CPU
		{8000BD0B-A322-4641-B4A7-002E292F3A61}.Debug|Any CPU.Build.0 = Debug|Any CPU
		{8000BD0B-A322-4641-B4A7-002E292F3A61}.Release|Any CPU.ActiveCfg = Release|Any CPU
		{8000BD0B-A322-4641-B4A7-002E292F3A61}.Release|Any CPU.Build.0 = Release|Any CPU
		{1431C2D8-821E-42F5-8255-949D9B241682}.Debug|Any CPU.ActiveCfg = Debug|Any CPU
		{1431C2D8-821E-42F5-8255-949D9B241682}.Debug|Any CPU.Build.0 = Debug|Any CPU
		{1431C2D8-821E-42F5-8255-949D9B241682}.Release|Any CPU.ActiveCfg = Release|Any CPU
		{1431C2D8-821E-42F5-8255-949D9B241682}.Release|Any CPU.Build.0 = Release|Any CPU
		{FAA673BE-C907-4D01-9903-1793012CFEA2}.Debug|Any CPU.ActiveCfg = Debug|Any CPU
		{FAA673BE-C907-4D01-9903-1793012CFEA2}.Debug|Any CPU.Build.0 = Debug|Any CPU
		{FAA673BE-C907-4D01-9903-1793012CFEA2}.Release|Any CPU.ActiveCfg = Release|Any CPU
		{FAA673BE-C907-4D01-9903-1793012CFEA2}.Release|Any CPU.Build.0 = Release|Any CPU
		{D6448A6A-2D5C-437F-A13C-D667F3115D21}.Debug|Any CPU.ActiveCfg = Debug|Any CPU
		{D6448A6A-2D5C-437F-A13C-D667F3115D21}.Debug|Any CPU.Build.0 = Debug|Any CPU
		{D6448A6A-2D5C-437F-A13C-D667F3115D21}.Release|Any CPU.ActiveCfg = Release|Any CPU
		{D6448A6A-2D5C-437F-A13C-D667F3115D21}.Release|Any CPU.Build.0 = Release|Any CPU
		{639F885C-4EAC-4A68-97CE-25D36BB49DD4}.Debug|Any CPU.ActiveCfg = Debug|Any CPU
		{639F885C-4EAC-4A68-97CE-25D36BB49DD4}.Debug|Any CPU.Build.0 = Debug|Any CPU
		{639F885C-4EAC-4A68-97CE-25D36BB49DD4}.Release|Any CPU.ActiveCfg = Release|Any CPU
		{639F885C-4EAC-4A68-97CE-25D36BB49DD4}.Release|Any CPU.Build.0 = Release|Any CPU
		{00C3AB84-2E4E-4B05-A2C2-5D5D285D0783}.Debug|Any CPU.ActiveCfg = Debug|Any CPU
		{00C3AB84-2E4E-4B05-A2C2-5D5D285D0783}.Debug|Any CPU.Build.0 = Debug|Any CPU
		{00C3AB84-2E4E-4B05-A2C2-5D5D285D0783}.Release|Any CPU.ActiveCfg = Release|Any CPU
		{00C3AB84-2E4E-4B05-A2C2-5D5D285D0783}.Release|Any CPU.Build.0 = Release|Any CPU
		{35DF0D2C-CBBE-4375-8BF7-7962D6C230D8}.Debug|Any CPU.ActiveCfg = Debug|Any CPU
		{35DF0D2C-CBBE-4375-8BF7-7962D6C230D8}.Debug|Any CPU.Build.0 = Debug|Any CPU
		{35DF0D2C-CBBE-4375-8BF7-7962D6C230D8}.Release|Any CPU.ActiveCfg = Release|Any CPU
		{35DF0D2C-CBBE-4375-8BF7-7962D6C230D8}.Release|Any CPU.Build.0 = Release|Any CPU
		{591401A0-A46A-4945-ACA1-4FAFA784C2AE}.Debug|Any CPU.ActiveCfg = Debug|Any CPU
		{591401A0-A46A-4945-ACA1-4FAFA784C2AE}.Debug|Any CPU.Build.0 = Debug|Any CPU
		{591401A0-A46A-4945-ACA1-4FAFA784C2AE}.Release|Any CPU.ActiveCfg = Release|Any CPU
		{591401A0-A46A-4945-ACA1-4FAFA784C2AE}.Release|Any CPU.Build.0 = Release|Any CPU
		{C594FA07-123C-4AF5-9969-CE2E3B806616}.Debug|Any CPU.ActiveCfg = Debug|Any CPU
		{C594FA07-123C-4AF5-9969-CE2E3B806616}.Debug|Any CPU.Build.0 = Debug|Any CPU
		{C594FA07-123C-4AF5-9969-CE2E3B806616}.Release|Any CPU.ActiveCfg = Release|Any CPU
		{C594FA07-123C-4AF5-9969-CE2E3B806616}.Release|Any CPU.Build.0 = Release|Any CPU
		{FC446B59-83FE-4647-9132-334CBCFD58C7}.Debug|Any CPU.ActiveCfg = Debug|Any CPU
		{FC446B59-83FE-4647-9132-334CBCFD58C7}.Debug|Any CPU.Build.0 = Debug|Any CPU
		{FC446B59-83FE-4647-9132-334CBCFD58C7}.Release|Any CPU.ActiveCfg = Release|Any CPU
		{FC446B59-83FE-4647-9132-334CBCFD58C7}.Release|Any CPU.Build.0 = Release|Any CPU
		{FC30F948-F266-448E-B443-77F3367995E5}.Debug|Any CPU.ActiveCfg = Debug|Any CPU
		{FC30F948-F266-448E-B443-77F3367995E5}.Debug|Any CPU.Build.0 = Debug|Any CPU
		{FC30F948-F266-448E-B443-77F3367995E5}.Release|Any CPU.ActiveCfg = Release|Any CPU
		{FC30F948-F266-448E-B443-77F3367995E5}.Release|Any CPU.Build.0 = Release|Any CPU
		{3ADD8B3E-9B2B-4933-9524-528A2E1AEC4D}.Debug|Any CPU.ActiveCfg = Debug|Any CPU
		{3ADD8B3E-9B2B-4933-9524-528A2E1AEC4D}.Debug|Any CPU.Build.0 = Debug|Any CPU
		{3ADD8B3E-9B2B-4933-9524-528A2E1AEC4D}.Release|Any CPU.ActiveCfg = Release|Any CPU
		{3ADD8B3E-9B2B-4933-9524-528A2E1AEC4D}.Release|Any CPU.Build.0 = Release|Any CPU
		{8CEDA6E1-C399-4D5A-9C0A-DEA3AD5050AC}.Debug|Any CPU.ActiveCfg = Debug|Any CPU
		{8CEDA6E1-C399-4D5A-9C0A-DEA3AD5050AC}.Debug|Any CPU.Build.0 = Debug|Any CPU
		{8CEDA6E1-C399-4D5A-9C0A-DEA3AD5050AC}.Release|Any CPU.ActiveCfg = Release|Any CPU
		{8CEDA6E1-C399-4D5A-9C0A-DEA3AD5050AC}.Release|Any CPU.Build.0 = Release|Any CPU
		{49B0269E-C7F2-4C73-9478-9E4BEB880E39}.Debug|Any CPU.ActiveCfg = Debug|Any CPU
		{49B0269E-C7F2-4C73-9478-9E4BEB880E39}.Debug|Any CPU.Build.0 = Debug|Any CPU
		{49B0269E-C7F2-4C73-9478-9E4BEB880E39}.Release|Any CPU.ActiveCfg = Release|Any CPU
		{49B0269E-C7F2-4C73-9478-9E4BEB880E39}.Release|Any CPU.Build.0 = Release|Any CPU
		{A68AEE8C-EA52-4D83-81D5-8ABB6F1C2F3C}.Debug|Any CPU.ActiveCfg = Debug|Any CPU
		{A68AEE8C-EA52-4D83-81D5-8ABB6F1C2F3C}.Debug|Any CPU.Build.0 = Debug|Any CPU
		{A68AEE8C-EA52-4D83-81D5-8ABB6F1C2F3C}.Release|Any CPU.ActiveCfg = Release|Any CPU
		{A68AEE8C-EA52-4D83-81D5-8ABB6F1C2F3C}.Release|Any CPU.Build.0 = Release|Any CPU
		{9B4D277E-ADF8-4B5E-8E6D-4409BBB025C5}.Debug|Any CPU.ActiveCfg = Debug|Any CPU
		{9B4D277E-ADF8-4B5E-8E6D-4409BBB025C5}.Debug|Any CPU.Build.0 = Debug|Any CPU
		{9B4D277E-ADF8-4B5E-8E6D-4409BBB025C5}.Release|Any CPU.ActiveCfg = Release|Any CPU
		{9B4D277E-ADF8-4B5E-8E6D-4409BBB025C5}.Release|Any CPU.Build.0 = Release|Any CPU
		{2EA5C3BB-39CB-4174-AFA4-15AD23620C9E}.Debug|Any CPU.ActiveCfg = Debug|Any CPU
		{2EA5C3BB-39CB-4174-AFA4-15AD23620C9E}.Debug|Any CPU.Build.0 = Debug|Any CPU
		{2EA5C3BB-39CB-4174-AFA4-15AD23620C9E}.Release|Any CPU.ActiveCfg = Release|Any CPU
		{2EA5C3BB-39CB-4174-AFA4-15AD23620C9E}.Release|Any CPU.Build.0 = Release|Any CPU
		{BC01C407-4724-4C80-883B-7FA02F2C24B9}.Debug|Any CPU.ActiveCfg = Debug|Any CPU
		{BC01C407-4724-4C80-883B-7FA02F2C24B9}.Debug|Any CPU.Build.0 = Debug|Any CPU
		{BC01C407-4724-4C80-883B-7FA02F2C24B9}.Release|Any CPU.ActiveCfg = Release|Any CPU
		{BC01C407-4724-4C80-883B-7FA02F2C24B9}.Release|Any CPU.Build.0 = Release|Any CPU
		{97BC784D-CA87-43C1-B5AF-117378F5BDD0}.Debug|Any CPU.ActiveCfg = Debug|Any CPU
		{97BC784D-CA87-43C1-B5AF-117378F5BDD0}.Debug|Any CPU.Build.0 = Debug|Any CPU
		{97BC784D-CA87-43C1-B5AF-117378F5BDD0}.Release|Any CPU.ActiveCfg = Release|Any CPU
		{97BC784D-CA87-43C1-B5AF-117378F5BDD0}.Release|Any CPU.Build.0 = Release|Any CPU
		{79409CCE-2983-4BA9-961A-3215FB06CC77}.Debug|Any CPU.ActiveCfg = Debug|Any CPU
		{79409CCE-2983-4BA9-961A-3215FB06CC77}.Debug|Any CPU.Build.0 = Debug|Any CPU
		{79409CCE-2983-4BA9-961A-3215FB06CC77}.Release|Any CPU.ActiveCfg = Release|Any CPU
		{79409CCE-2983-4BA9-961A-3215FB06CC77}.Release|Any CPU.Build.0 = Release|Any CPU
		{9204EAE5-1E96-48DE-95A6-08A8533C70B8}.Debug|Any CPU.ActiveCfg = Debug|Any CPU
		{9204EAE5-1E96-48DE-95A6-08A8533C70B8}.Debug|Any CPU.Build.0 = Debug|Any CPU
		{9204EAE5-1E96-48DE-95A6-08A8533C70B8}.Release|Any CPU.ActiveCfg = Release|Any CPU
		{9204EAE5-1E96-48DE-95A6-08A8533C70B8}.Release|Any CPU.Build.0 = Release|Any CPU
		{137F533F-AFE8-4D80-9BAF-278DD8B5E0B3}.Debug|Any CPU.ActiveCfg = Debug|Any CPU
		{137F533F-AFE8-4D80-9BAF-278DD8B5E0B3}.Debug|Any CPU.Build.0 = Debug|Any CPU
		{137F533F-AFE8-4D80-9BAF-278DD8B5E0B3}.Release|Any CPU.ActiveCfg = Release|Any CPU
		{137F533F-AFE8-4D80-9BAF-278DD8B5E0B3}.Release|Any CPU.Build.0 = Release|Any CPU
	EndGlobalSection
	GlobalSection(SolutionProperties) = preSolution
		HideSolutionNode = FALSE
	EndGlobalSection
	GlobalSection(NestedProjects) = preSolution
		{908B8E1C-1B1B-40F6-BEA8-E9E1143C43F2} = {C6A01CFA-99E3-4157-8F9D-8D81A0C237E3}
		{953D4CBB-73AE-4650-A4A8-241316D67A31} = {C6A01CFA-99E3-4157-8F9D-8D81A0C237E3}
		{90F9A5B3-0641-4F69-BDA6-531EA3D00ADC} = {C6A01CFA-99E3-4157-8F9D-8D81A0C237E3}
		{E2C737D6-FF24-4DA7-932D-BB91862C7B6D} = {90F9A5B3-0641-4F69-BDA6-531EA3D00ADC}
		{8000BD0B-A322-4641-B4A7-002E292F3A61} = {908B8E1C-1B1B-40F6-BEA8-E9E1143C43F2}
		{1431C2D8-821E-42F5-8255-949D9B241682} = {5A63461D-4450-4F3D-B350-DBE35214057C}
		{FAA673BE-C907-4D01-9903-1793012CFEA2} = {09B9C976-FF37-4FA7-B44E-04A4593F6FEC}
		{D6448A6A-2D5C-437F-A13C-D667F3115D21} = {09B9C976-FF37-4FA7-B44E-04A4593F6FEC}
		{639F885C-4EAC-4A68-97CE-25D36BB49DD4} = {12CBF372-F79E-4B11-A52C-523348C24BA4}
		{70D3E8EB-99FD-4370-895F-1F1988484215} = {12CBF372-F79E-4B11-A52C-523348C24BA4}
		{00C3AB84-2E4E-4B05-A2C2-5D5D285D0783} = {70D3E8EB-99FD-4370-895F-1F1988484215}
		{35DF0D2C-CBBE-4375-8BF7-7962D6C230D8} = {70D3E8EB-99FD-4370-895F-1F1988484215}
		{591401A0-A46A-4945-ACA1-4FAFA784C2AE} = {09B9C976-FF37-4FA7-B44E-04A4593F6FEC}
		{C594FA07-123C-4AF5-9969-CE2E3B806616} = {908B8E1C-1B1B-40F6-BEA8-E9E1143C43F2}
		{FC446B59-83FE-4647-9132-334CBCFD58C7} = {09B9C976-FF37-4FA7-B44E-04A4593F6FEC}
		{811FC9CE-3E5F-42D3-9FA0-8B970DCD0707} = {C6A01CFA-99E3-4157-8F9D-8D81A0C237E3}
		{FC30F948-F266-448E-B443-77F3367995E5} = {811FC9CE-3E5F-42D3-9FA0-8B970DCD0707}
		{3ADD8B3E-9B2B-4933-9524-528A2E1AEC4D} = {09B9C976-FF37-4FA7-B44E-04A4593F6FEC}
		{8CEDA6E1-C399-4D5A-9C0A-DEA3AD5050AC} = {12CBF372-F79E-4B11-A52C-523348C24BA4}
		{49B0269E-C7F2-4C73-9478-9E4BEB880E39} = {09B9C976-FF37-4FA7-B44E-04A4593F6FEC}
		{A68AEE8C-EA52-4D83-81D5-8ABB6F1C2F3C} = {09B9C976-FF37-4FA7-B44E-04A4593F6FEC}
		{9B4D277E-ADF8-4B5E-8E6D-4409BBB025C5} = {09B9C976-FF37-4FA7-B44E-04A4593F6FEC}
		{2EA5C3BB-39CB-4174-AFA4-15AD23620C9E} = {09B9C976-FF37-4FA7-B44E-04A4593F6FEC}
		{BC01C407-4724-4C80-883B-7FA02F2C24B9} = {09B9C976-FF37-4FA7-B44E-04A4593F6FEC}
		{97BC784D-CA87-43C1-B5AF-117378F5BDD0} = {09B9C976-FF37-4FA7-B44E-04A4593F6FEC}
		{79409CCE-2983-4BA9-961A-3215FB06CC77} = {953D4CBB-73AE-4650-A4A8-241316D67A31}
		{9204EAE5-1E96-48DE-95A6-08A8533C70B8} = {12CBF372-F79E-4B11-A52C-523348C24BA4}
		{137F533F-AFE8-4D80-9BAF-278DD8B5E0B3} = {09B9C976-FF37-4FA7-B44E-04A4593F6FEC}
	EndGlobalSection
	GlobalSection(ExtensibilityGlobals) = postSolution
		SolutionGuid = {46D7DE59-C493-45DA-AC67-704D9C973C5D}
	EndGlobalSection
EndGlobal
